// !$*UTF8*$!
{
	archiveVersion = 1;
	classes = {
	};
	objectVersion = 46;
	objects = {

/* Begin PBXBuildFile section */
		D529CB8A1DD6C6AC0040F50B /* AppDelegate.swift in Sources */ = {isa = PBXBuildFile; fileRef = D529CB891DD6C6AC0040F50B /* AppDelegate.swift */; };
		D529CB8C1DD6C6AC0040F50B /* EventListViewController.swift in Sources */ = {isa = PBXBuildFile; fileRef = D529CB8B1DD6C6AC0040F50B /* EventListViewController.swift */; };
		D529CB8F1DD6C6AC0040F50B /* Main.storyboard in Resources */ = {isa = PBXBuildFile; fileRef = D529CB8D1DD6C6AC0040F50B /* Main.storyboard */; };
		D529CB911DD6C6AC0040F50B /* Assets.xcassets in Resources */ = {isa = PBXBuildFile; fileRef = D529CB901DD6C6AC0040F50B /* Assets.xcassets */; };
		D529CB941DD6C6AC0040F50B /* LaunchScreen.storyboard in Resources */ = {isa = PBXBuildFile; fileRef = D529CB921DD6C6AC0040F50B /* LaunchScreen.storyboard */; };
		D529CB9C1DD6C7C00040F50B /* EventTableViewCell.swift in Sources */ = {isa = PBXBuildFile; fileRef = D529CB9B1DD6C7C00040F50B /* EventTableViewCell.swift */; };
		D529CB9E1DD6C7D80040F50B /* EventViewController.swift in Sources */ = {isa = PBXBuildFile; fileRef = D529CB9D1DD6C7D80040F50B /* EventViewController.swift */; };
		D529CBA01DD6C9A30040F50B /* Event.swift in Sources */ = {isa = PBXBuildFile; fileRef = D529CB9F1DD6C9A30040F50B /* Event.swift */; };
		D529CBA61DD6CA520040F50B /* Requests.swift in Sources */ = {isa = PBXBuildFile; fileRef = D529CBA51DD6CA520040F50B /* Requests.swift */; };
		D529CBA81DD6CA5F0040F50B /* ServerConfiguration.swift in Sources */ = {isa = PBXBuildFile; fileRef = D529CBA71DD6CA5F0040F50B /* ServerConfiguration.swift */; };
		D529CBAA1DD6CDED0040F50B /* EventImageTableViewCell.swift in Sources */ = {isa = PBXBuildFile; fileRef = D529CBA91DD6CDED0040F50B /* EventImageTableViewCell.swift */; };
		D529CBAD1DD6CE090040F50B /* EventTitleTableViewCell.swift in Sources */ = {isa = PBXBuildFile; fileRef = D529CBAC1DD6CE090040F50B /* EventTitleTableViewCell.swift */; };
		D529CBAF1DD6CE1C0040F50B /* EventDescriptionTableViewCell.swift in Sources */ = {isa = PBXBuildFile; fileRef = D529CBAE1DD6CE1C0040F50B /* EventDescriptionTableViewCell.swift */; };
		D529CBB61DD6E27B0040F50B /* Alamofire.framework in CopyFiles */ = {isa = PBXBuildFile; fileRef = D529CBB11DD6E27B0040F50B /* Alamofire.framework */; settings = {ATTRIBUTES = (CodeSignOnCopy, RemoveHeadersOnCopy, ); }; };
		D529CBB71DD6E27B0040F50B /* AlamofireImage.framework in CopyFiles */ = {isa = PBXBuildFile; fileRef = D529CBB21DD6E27B0040F50B /* AlamofireImage.framework */; settings = {ATTRIBUTES = (CodeSignOnCopy, RemoveHeadersOnCopy, ); }; };
		D529CBB81DD6E27B0040F50B /* Realm.framework in CopyFiles */ = {isa = PBXBuildFile; fileRef = D529CBB31DD6E27B0040F50B /* Realm.framework */; settings = {ATTRIBUTES = (CodeSignOnCopy, RemoveHeadersOnCopy, ); }; };
		D529CBB91DD6E27B0040F50B /* RealmSwift.framework in CopyFiles */ = {isa = PBXBuildFile; fileRef = D529CBB41DD6E27B0040F50B /* RealmSwift.framework */; settings = {ATTRIBUTES = (CodeSignOnCopy, RemoveHeadersOnCopy, ); }; };
		D529CBBA1DD6E27B0040F50B /* SwiftyJSON.framework in CopyFiles */ = {isa = PBXBuildFile; fileRef = D529CBB51DD6E27B0040F50B /* SwiftyJSON.framework */; settings = {ATTRIBUTES = (CodeSignOnCopy, RemoveHeadersOnCopy, ); }; };
		D529CBBC1DD6E2A60040F50B /* Alamofire.framework in Frameworks */ = {isa = PBXBuildFile; fileRef = D529CBB11DD6E27B0040F50B /* Alamofire.framework */; };
		D529CBBD1DD6E2A60040F50B /* AlamofireImage.framework in Frameworks */ = {isa = PBXBuildFile; fileRef = D529CBB21DD6E27B0040F50B /* AlamofireImage.framework */; };
		D529CBBE1DD6E2A60040F50B /* Realm.framework in Frameworks */ = {isa = PBXBuildFile; fileRef = D529CBB31DD6E27B0040F50B /* Realm.framework */; };
		D529CBBF1DD6E2A60040F50B /* RealmSwift.framework in Frameworks */ = {isa = PBXBuildFile; fileRef = D529CBB41DD6E27B0040F50B /* RealmSwift.framework */; };
		D529CBC01DD6E2A60040F50B /* SwiftyJSON.framework in Frameworks */ = {isa = PBXBuildFile; fileRef = D529CBB51DD6E27B0040F50B /* SwiftyJSON.framework */; };
		D529CBC21DD6E5830040F50B /* ViewController.swift in Sources */ = {isa = PBXBuildFile; fileRef = D529CBC11DD6E5830040F50B /* ViewController.swift */; };
/* End PBXBuildFile section */

/* Begin PBXCopyFilesBuildPhase section */
		D529CBB01DD6E23F0040F50B /* CopyFiles */ = {
			isa = PBXCopyFilesBuildPhase;
			buildActionMask = 2147483647;
			dstPath = "";
			dstSubfolderSpec = 10;
			files = (
				D529CBB61DD6E27B0040F50B /* Alamofire.framework in CopyFiles */,
				D529CBB71DD6E27B0040F50B /* AlamofireImage.framework in CopyFiles */,
				D529CBB81DD6E27B0040F50B /* Realm.framework in CopyFiles */,
				D529CBB91DD6E27B0040F50B /* RealmSwift.framework in CopyFiles */,
				D529CBBA1DD6E27B0040F50B /* SwiftyJSON.framework in CopyFiles */,
			);
			runOnlyForDeploymentPostprocessing = 0;
		};
/* End PBXCopyFilesBuildPhase section */

/* Begin PBXFileReference section */
		D529CB861DD6C6AC0040F50B /* SocialBaseBrasiliaEvents.app */ = {isa = PBXFileReference; explicitFileType = wrapper.application; includeInIndex = 0; path = SocialBaseBrasiliaEvents.app; sourceTree = BUILT_PRODUCTS_DIR; };
		D529CB891DD6C6AC0040F50B /* AppDelegate.swift */ = {isa = PBXFileReference; lastKnownFileType = sourcecode.swift; path = AppDelegate.swift; sourceTree = "<group>"; };
		D529CB8B1DD6C6AC0040F50B /* EventListViewController.swift */ = {isa = PBXFileReference; lastKnownFileType = sourcecode.swift; path = EventListViewController.swift; sourceTree = "<group>"; };
		D529CB8E1DD6C6AC0040F50B /* Base */ = {isa = PBXFileReference; lastKnownFileType = file.storyboard; name = Base; path = Base.lproj/Main.storyboard; sourceTree = "<group>"; };
		D529CB901DD6C6AC0040F50B /* Assets.xcassets */ = {isa = PBXFileReference; lastKnownFileType = folder.assetcatalog; path = Assets.xcassets; sourceTree = "<group>"; };
		D529CB931DD6C6AC0040F50B /* Base */ = {isa = PBXFileReference; lastKnownFileType = file.storyboard; name = Base; path = Base.lproj/LaunchScreen.storyboard; sourceTree = "<group>"; };
		D529CB951DD6C6AC0040F50B /* Info.plist */ = {isa = PBXFileReference; lastKnownFileType = text.plist.xml; path = Info.plist; sourceTree = "<group>"; };
		D529CB9B1DD6C7C00040F50B /* EventTableViewCell.swift */ = {isa = PBXFileReference; fileEncoding = 4; lastKnownFileType = sourcecode.swift; path = EventTableViewCell.swift; sourceTree = "<group>"; };
		D529CB9D1DD6C7D80040F50B /* EventViewController.swift */ = {isa = PBXFileReference; fileEncoding = 4; lastKnownFileType = sourcecode.swift; path = EventViewController.swift; sourceTree = "<group>"; };
		D529CB9F1DD6C9A30040F50B /* Event.swift */ = {isa = PBXFileReference; fileEncoding = 4; lastKnownFileType = sourcecode.swift; path = Event.swift; sourceTree = "<group>"; };
		D529CBA51DD6CA520040F50B /* Requests.swift */ = {isa = PBXFileReference; fileEncoding = 4; lastKnownFileType = sourcecode.swift; path = Requests.swift; sourceTree = "<group>"; };
		D529CBA71DD6CA5F0040F50B /* ServerConfiguration.swift */ = {isa = PBXFileReference; fileEncoding = 4; lastKnownFileType = sourcecode.swift; path = ServerConfiguration.swift; sourceTree = "<group>"; };
		D529CBA91DD6CDED0040F50B /* EventImageTableViewCell.swift */ = {isa = PBXFileReference; fileEncoding = 4; lastKnownFileType = sourcecode.swift; path = EventImageTableViewCell.swift; sourceTree = "<group>"; };
		D529CBAC1DD6CE090040F50B /* EventTitleTableViewCell.swift */ = {isa = PBXFileReference; fileEncoding = 4; lastKnownFileType = sourcecode.swift; path = EventTitleTableViewCell.swift; sourceTree = "<group>"; };
		D529CBAE1DD6CE1C0040F50B /* EventDescriptionTableViewCell.swift */ = {isa = PBXFileReference; fileEncoding = 4; lastKnownFileType = sourcecode.swift; path = EventDescriptionTableViewCell.swift; sourceTree = "<group>"; };
		D529CBB11DD6E27B0040F50B /* Alamofire.framework */ = {isa = PBXFileReference; lastKnownFileType = wrapper.framework; name = Alamofire.framework; path = Carthage/Build/iOS/Alamofire.framework; sourceTree = "<group>"; };
		D529CBB21DD6E27B0040F50B /* AlamofireImage.framework */ = {isa = PBXFileReference; lastKnownFileType = wrapper.framework; name = AlamofireImage.framework; path = Carthage/Build/iOS/AlamofireImage.framework; sourceTree = "<group>"; };
		D529CBB31DD6E27B0040F50B /* Realm.framework */ = {isa = PBXFileReference; lastKnownFileType = wrapper.framework; name = Realm.framework; path = Carthage/Build/iOS/Realm.framework; sourceTree = "<group>"; };
		D529CBB41DD6E27B0040F50B /* RealmSwift.framework */ = {isa = PBXFileReference; lastKnownFileType = wrapper.framework; name = RealmSwift.framework; path = Carthage/Build/iOS/RealmSwift.framework; sourceTree = "<group>"; };
		D529CBB51DD6E27B0040F50B /* SwiftyJSON.framework */ = {isa = PBXFileReference; lastKnownFileType = wrapper.framework; name = SwiftyJSON.framework; path = Carthage/Build/iOS/SwiftyJSON.framework; sourceTree = "<group>"; };
		D529CBC11DD6E5830040F50B /* ViewController.swift */ = {isa = PBXFileReference; fileEncoding = 4; lastKnownFileType = sourcecode.swift; path = ViewController.swift; sourceTree = "<group>"; };
/* End PBXFileReference section */

/* Begin PBXFrameworksBuildPhase section */
		D529CB831DD6C6AC0040F50B /* Frameworks */ = {
			isa = PBXFrameworksBuildPhase;
			buildActionMask = 2147483647;
			files = (
				D529CBBC1DD6E2A60040F50B /* Alamofire.framework in Frameworks */,
				D529CBBD1DD6E2A60040F50B /* AlamofireImage.framework in Frameworks */,
				D529CBBE1DD6E2A60040F50B /* Realm.framework in Frameworks */,
				D529CBBF1DD6E2A60040F50B /* RealmSwift.framework in Frameworks */,
				D529CBC01DD6E2A60040F50B /* SwiftyJSON.framework in Frameworks */,
			);
			runOnlyForDeploymentPostprocessing = 0;
		};
/* End PBXFrameworksBuildPhase section */

/* Begin PBXGroup section */
		D529CB7D1DD6C6AB0040F50B = {
			isa = PBXGroup;
			children = (
				D529CB881DD6C6AC0040F50B /* SocialBaseBrasiliaEvents */,
				D529CB871DD6C6AC0040F50B /* Products */,
			);
			sourceTree = "<group>";
		};
		D529CB871DD6C6AC0040F50B /* Products */ = {
			isa = PBXGroup;
			children = (
				D529CB861DD6C6AC0040F50B /* SocialBaseBrasiliaEvents.app */,
			);
			name = Products;
			sourceTree = "<group>";
		};
		D529CB881DD6C6AC0040F50B /* SocialBaseBrasiliaEvents */ = {
			isa = PBXGroup;
			children = (
				D529CBBB1DD6E28B0040F50B /* Frameworks */,
				D529CBA41DD6CA3E0040F50B /* Server */,
				D529CB891DD6C6AC0040F50B /* AppDelegate.swift */,
				D529CBA31DD6CA160040F50B /* Views */,
				D529CBA21DD6CA0A0040F50B /* Controllers */,
				D529CBA11DD6CA030040F50B /* Model */,
				D529CB8D1DD6C6AC0040F50B /* Main.storyboard */,
				D529CB901DD6C6AC0040F50B /* Assets.xcassets */,
				D529CB921DD6C6AC0040F50B /* LaunchScreen.storyboard */,
				D529CB951DD6C6AC0040F50B /* Info.plist */,
			);
			path = SocialBaseBrasiliaEvents;
			sourceTree = "<group>";
		};
		D529CBA11DD6CA030040F50B /* Model */ = {
			isa = PBXGroup;
			children = (
				D529CB9F1DD6C9A30040F50B /* Event.swift */,
			);
			name = Model;
			sourceTree = "<group>";
		};
		D529CBA21DD6CA0A0040F50B /* Controllers */ = {
			isa = PBXGroup;
			children = (
				D529CB8B1DD6C6AC0040F50B /* EventListViewController.swift */,
				D529CB9D1DD6C7D80040F50B /* EventViewController.swift */,
				D529CBC11DD6E5830040F50B /* ViewController.swift */,
			);
			name = Controllers;
			sourceTree = "<group>";
		};
		D529CBA31DD6CA160040F50B /* Views */ = {
			isa = PBXGroup;
			children = (
				D529CB9B1DD6C7C00040F50B /* EventTableViewCell.swift */,
				D529CBA91DD6CDED0040F50B /* EventImageTableViewCell.swift */,
				D529CBAC1DD6CE090040F50B /* EventTitleTableViewCell.swift */,
				D529CBAE1DD6CE1C0040F50B /* EventDescriptionTableViewCell.swift */,
			);
			name = Views;
			sourceTree = "<group>";
		};
		D529CBA41DD6CA3E0040F50B /* Server */ = {
			isa = PBXGroup;
			children = (
				D529CBA51DD6CA520040F50B /* Requests.swift */,
				D529CBA71DD6CA5F0040F50B /* ServerConfiguration.swift */,
			);
			name = Server;
			sourceTree = "<group>";
		};
		D529CBBB1DD6E28B0040F50B /* Frameworks */ = {
			isa = PBXGroup;
			children = (
				D529CBB11DD6E27B0040F50B /* Alamofire.framework */,
				D529CBB21DD6E27B0040F50B /* AlamofireImage.framework */,
				D529CBB31DD6E27B0040F50B /* Realm.framework */,
				D529CBB41DD6E27B0040F50B /* RealmSwift.framework */,
				D529CBB51DD6E27B0040F50B /* SwiftyJSON.framework */,
			);
			name = Frameworks;
			path = ..;
			sourceTree = "<group>";
		};
/* End PBXGroup section */

/* Begin PBXNativeTarget section */
		D529CB851DD6C6AC0040F50B /* SocialBaseBrasiliaEvents */ = {
			isa = PBXNativeTarget;
			buildConfigurationList = D529CB981DD6C6AC0040F50B /* Build configuration list for PBXNativeTarget "SocialBaseBrasiliaEvents" */;
			buildPhases = (
				D529CB821DD6C6AC0040F50B /* Sources */,
				D529CB831DD6C6AC0040F50B /* Frameworks */,
				D529CB841DD6C6AC0040F50B /* Resources */,
				D529CBB01DD6E23F0040F50B /* CopyFiles */,
			);
			buildRules = (
			);
			dependencies = (
			);
			name = SocialBaseBrasiliaEvents;
			productName = SocialBaseBrasiliaEvents;
			productReference = D529CB861DD6C6AC0040F50B /* SocialBaseBrasiliaEvents.app */;
			productType = "com.apple.product-type.application";
		};
/* End PBXNativeTarget section */

/* Begin PBXProject section */
		D529CB7E1DD6C6AB0040F50B /* Project object */ = {
			isa = PBXProject;
			attributes = {
				LastSwiftUpdateCheck = 0810;
				LastUpgradeCheck = 0810;
				ORGANIZATIONNAME = "Willian Pinho";
				TargetAttributes = {
					D529CB851DD6C6AC0040F50B = {
						CreatedOnToolsVersion = 8.1;
						ProvisioningStyle = Automatic;
					};
				};
			};
			buildConfigurationList = D529CB811DD6C6AB0040F50B /* Build configuration list for PBXProject "SocialBaseBrasiliaEvents" */;
			compatibilityVersion = "Xcode 3.2";
			developmentRegion = English;
			hasScannedForEncodings = 0;
			knownRegions = (
				en,
				Base,
			);
			mainGroup = D529CB7D1DD6C6AB0040F50B;
			productRefGroup = D529CB871DD6C6AC0040F50B /* Products */;
			projectDirPath = "";
			projectRoot = "";
			targets = (
				D529CB851DD6C6AC0040F50B /* SocialBaseBrasiliaEvents */,
			);
		};
/* End PBXProject section */

/* Begin PBXResourcesBuildPhase section */
		D529CB841DD6C6AC0040F50B /* Resources */ = {
			isa = PBXResourcesBuildPhase;
			buildActionMask = 2147483647;
			files = (
				D529CB941DD6C6AC0040F50B /* LaunchScreen.storyboard in Resources */,
				D529CB911DD6C6AC0040F50B /* Assets.xcassets in Resources */,
				D529CB8F1DD6C6AC0040F50B /* Main.storyboard in Resources */,
			);
			runOnlyForDeploymentPostprocessing = 0;
		};
/* End PBXResourcesBuildPhase section */

/* Begin PBXSourcesBuildPhase section */
		D529CB821DD6C6AC0040F50B /* Sources */ = {
			isa = PBXSourcesBuildPhase;
			buildActionMask = 2147483647;
			files = (
				D529CBAA1DD6CDED0040F50B /* EventImageTableViewCell.swift in Sources */,
				D529CB9C1DD6C7C00040F50B /* EventTableViewCell.swift in Sources */,
				D529CB8C1DD6C6AC0040F50B /* EventListViewController.swift in Sources */,
				D529CB9E1DD6C7D80040F50B /* EventViewController.swift in Sources */,
				D529CBC21DD6E5830040F50B /* ViewController.swift in Sources */,
				D529CBA61DD6CA520040F50B /* Requests.swift in Sources */,
				D529CBAD1DD6CE090040F50B /* EventTitleTableViewCell.swift in Sources */,
				D529CB8A1DD6C6AC0040F50B /* AppDelegate.swift in Sources */,
				D529CBA01DD6C9A30040F50B /* Event.swift in Sources */,
				D529CBA81DD6CA5F0040F50B /* ServerConfiguration.swift in Sources */,
				D529CBAF1DD6CE1C0040F50B /* EventDescriptionTableViewCell.swift in Sources */,
			);
			runOnlyForDeploymentPostprocessing = 0;
		};
/* End PBXSourcesBuildPhase section */

/* Begin PBXVariantGroup section */
		D529CB8D1DD6C6AC0040F50B /* Main.storyboard */ = {
			isa = PBXVariantGroup;
			children = (
				D529CB8E1DD6C6AC0040F50B /* Base */,
			);
			name = Main.storyboard;
			sourceTree = "<group>";
		};
		D529CB921DD6C6AC0040F50B /* LaunchScreen.storyboard */ = {
			isa = PBXVariantGroup;
			children = (
				D529CB931DD6C6AC0040F50B /* Base */,
			);
			name = LaunchScreen.storyboard;
			sourceTree = "<group>";
		};
/* End PBXVariantGroup section */

/* Begin XCBuildConfiguration section */
		D529CB961DD6C6AC0040F50B /* Debug */ = {
			isa = XCBuildConfiguration;
			buildSettings = {
				ALWAYS_SEARCH_USER_PATHS = NO;
				CLANG_ANALYZER_NONNULL = YES;
				CLANG_CXX_LANGUAGE_STANDARD = "gnu++0x";
				CLANG_CXX_LIBRARY = "libc++";
				CLANG_ENABLE_MODULES = YES;
				CLANG_ENABLE_OBJC_ARC = YES;
				CLANG_WARN_BOOL_CONVERSION = YES;
				CLANG_WARN_CONSTANT_CONVERSION = YES;
				CLANG_WARN_DIRECT_OBJC_ISA_USAGE = YES_ERROR;
				CLANG_WARN_DOCUMENTATION_COMMENTS = YES;
				CLANG_WARN_EMPTY_BODY = YES;
				CLANG_WARN_ENUM_CONVERSION = YES;
				CLANG_WARN_INFINITE_RECURSION = YES;
				CLANG_WARN_INT_CONVERSION = YES;
				CLANG_WARN_OBJC_ROOT_CLASS = YES_ERROR;
				CLANG_WARN_SUSPICIOUS_MOVES = YES;
				CLANG_WARN_UNREACHABLE_CODE = YES;
				CLANG_WARN__DUPLICATE_METHOD_MATCH = YES;
				"CODE_SIGN_IDENTITY[sdk=iphoneos*]" = "iPhone Developer";
				COPY_PHASE_STRIP = NO;
				DEBUG_INFORMATION_FORMAT = dwarf;
				ENABLE_STRICT_OBJC_MSGSEND = YES;
				ENABLE_TESTABILITY = YES;
				GCC_C_LANGUAGE_STANDARD = gnu99;
				GCC_DYNAMIC_NO_PIC = NO;
				GCC_NO_COMMON_BLOCKS = YES;
				GCC_OPTIMIZATION_LEVEL = 0;
				GCC_PREPROCESSOR_DEFINITIONS = (
					"DEBUG=1",
					"$(inherited)",
				);
				GCC_WARN_64_TO_32_BIT_CONVERSION = YES;
				GCC_WARN_ABOUT_RETURN_TYPE = YES_ERROR;
				GCC_WARN_UNDECLARED_SELECTOR = YES;
				GCC_WARN_UNINITIALIZED_AUTOS = YES_AGGRESSIVE;
				GCC_WARN_UNUSED_FUNCTION = YES;
				GCC_WARN_UNUSED_VARIABLE = YES;
				IPHONEOS_DEPLOYMENT_TARGET = 10.1;
				MTL_ENABLE_DEBUG_INFO = YES;
				ONLY_ACTIVE_ARCH = YES;
				SDKROOT = iphoneos;
				SWIFT_ACTIVE_COMPILATION_CONDITIONS = DEBUG;
				SWIFT_OPTIMIZATION_LEVEL = "-Onone";
			};
			name = Debug;
		};
		D529CB971DD6C6AC0040F50B /* Release */ = {
			isa = XCBuildConfiguration;
			buildSettings = {
				ALWAYS_SEARCH_USER_PATHS = NO;
				CLANG_ANALYZER_NONNULL = YES;
				CLANG_CXX_LANGUAGE_STANDARD = "gnu++0x";
				CLANG_CXX_LIBRARY = "libc++";
				CLANG_ENABLE_MODULES = YES;
				CLANG_ENABLE_OBJC_ARC = YES;
				CLANG_WARN_BOOL_CONVERSION = YES;
				CLANG_WARN_CONSTANT_CONVERSION = YES;
				CLANG_WARN_DIRECT_OBJC_ISA_USAGE = YES_ERROR;
				CLANG_WARN_DOCUMENTATION_COMMENTS = YES;
				CLANG_WARN_EMPTY_BODY = YES;
				CLANG_WARN_ENUM_CONVERSION = YES;
				CLANG_WARN_INFINITE_RECURSION = YES;
				CLANG_WARN_INT_CONVERSION = YES;
				CLANG_WARN_OBJC_ROOT_CLASS = YES_ERROR;
				CLANG_WARN_SUSPICIOUS_MOVES = YES;
				CLANG_WARN_UNREACHABLE_CODE = YES;
				CLANG_WARN__DUPLICATE_METHOD_MATCH = YES;
				"CODE_SIGN_IDENTITY[sdk=iphoneos*]" = "iPhone Developer";
				COPY_PHASE_STRIP = NO;
				DEBUG_INFORMATION_FORMAT = "dwarf-with-dsym";
				ENABLE_NS_ASSERTIONS = NO;
				ENABLE_STRICT_OBJC_MSGSEND = YES;
				GCC_C_LANGUAGE_STANDARD = gnu99;
				GCC_NO_COMMON_BLOCKS = YES;
				GCC_WARN_64_TO_32_BIT_CONVERSION = YES;
				GCC_WARN_ABOUT_RETURN_TYPE = YES_ERROR;
				GCC_WARN_UNDECLARED_SELECTOR = YES;
				GCC_WARN_UNINITIALIZED_AUTOS = YES_AGGRESSIVE;
				GCC_WARN_UNUSED_FUNCTION = YES;
				GCC_WARN_UNUSED_VARIABLE = YES;
				IPHONEOS_DEPLOYMENT_TARGET = 10.1;
				MTL_ENABLE_DEBUG_INFO = NO;
				SDKROOT = iphoneos;
				SWIFT_OPTIMIZATION_LEVEL = "-Owholemodule";
				VALIDATE_PRODUCT = YES;
			};
			name = Release;
		};
		D529CB991DD6C6AC0040F50B /* Debug */ = {
			isa = XCBuildConfiguration;
			buildSettings = {
				ASSETCATALOG_COMPILER_APPICON_NAME = AppIcon;
				FRAMEWORK_SEARCH_PATHS = (
					"$(inherited)",
					"$(PROJECT_DIR)/Carthage/Build/iOS",
				);
				INFOPLIST_FILE = SocialBaseBrasiliaEvents/Info.plist;
				LD_RUNPATH_SEARCH_PATHS = "$(inherited) @executable_path/Frameworks";
				PRODUCT_BUNDLE_IDENTIFIER = com.willianpinho.SocialBaseBrasiliaEvents;
				PRODUCT_NAME = "$(TARGET_NAME)";
				SWIFT_VERSION = 3.0;
			};
			name = Debug;
		};
		D529CB9A1DD6C6AC0040F50B /* Release */ = {
			isa = XCBuildConfiguration;
			buildSettings = {
				ASSETCATALOG_COMPILER_APPICON_NAME = AppIcon;
				FRAMEWORK_SEARCH_PATHS = (
					"$(inherited)",
					"$(PROJECT_DIR)/Carthage/Build/iOS",
				);
				INFOPLIST_FILE = SocialBaseBrasiliaEvents/Info.plist;
				LD_RUNPATH_SEARCH_PATHS = "$(inherited) @executable_path/Frameworks";
				PRODUCT_BUNDLE_IDENTIFIER = com.willianpinho.SocialBaseBrasiliaEvents;
				PRODUCT_NAME = "$(TARGET_NAME)";
				SWIFT_VERSION = 3.0;
			};
			name = Release;
		};
/* End XCBuildConfiguration section */

/* Begin XCConfigurationList section */
		D529CB811DD6C6AB0040F50B /* Build configuration list for PBXProject "SocialBaseBrasiliaEvents" */ = {
			isa = XCConfigurationList;
			buildConfigurations = (
				D529CB961DD6C6AC0040F50B /* Debug */,
				D529CB971DD6C6AC0040F50B /* Release */,
			);
			defaultConfigurationIsVisible = 0;
			defaultConfigurationName = Release;
		};
		D529CB981DD6C6AC0040F50B /* Build configuration list for PBXNativeTarget "SocialBaseBrasiliaEvents" */ = {
			isa = XCConfigurationList;
			buildConfigurations = (
				D529CB991DD6C6AC0040F50B /* Debug */,
				D529CB9A1DD6C6AC0040F50B /* Release */,
			);
			defaultConfigurationIsVisible = 0;
			defaultConfigurationName = Release;
		};
/* End XCConfigurationList section */
	};
	rootObject = D529CB7E1DD6C6AB0040F50B /* Project object */;
}
